
Microsoft Visual Studio Solution File, Format Version 12.00
# Visual Studio Version 16
VisualStudioVersion = 16.0.30204.135
MinimumVisualStudioVersion = 10.0.40219.1
Project("{FAE04EC0-301F-11D3-BF4B-00C04F79EFBC}") = "AutomationPracticeTestingFramework", "AutomationPracticeTestingFramework\AutomationPracticeTestingFramework.csproj", "{241A8244-7F92-4036-8929-1DD75B5BDE2A}"
EndProject
Global
	GlobalSection(SolutionConfigurationPlatforms) = preSolution
		Debug|Any CPU = Debug|Any CPU
		Release|Any CPU = Release|Any CPU
	EndGlobalSection
	GlobalSection(ProjectConfigurationPlatforms) = postSolution
		{241A8244-7F92-4036-8929-1DD75B5BDE2A}.Debug|Any CPU.ActiveCfg = Debug|Any CPU
		{241A8244-7F92-4036-8929-1DD75B5BDE2A}.Debug|Any CPU.Build.0 = Debug|Any CPU
		{241A8244-7F92-4036-8929-1DD75B5BDE2A}.Release|Any CPU.ActiveCfg = Release|Any CPU
		{241A8244-7F92-4036-8929-1DD75B5BDE2A}.Release|Any CPU.Build.0 = Release|Any CPU
	EndGlobalSection
	GlobalSection(SolutionProperties) = preSolution
		HideSolutionNode = FALSE
	EndGlobalSection
	GlobalSection(ExtensibilityGlobals) = postSolution
		SolutionGuid = {0F5DC0C9-34A1-4CEB-9D16-AC63B7162CD7}
	EndGlobalSection
EndGlobal
